// !$*UTF8*$!
{
	archiveVersion = 1;
	classes = {
	};
	objectVersion = 77;
	objects = {

/* Begin PBXBuildFile section */
		116D84F62D6DDC6700FEF29C /* Preview Assets.xcassets in Resources */ = {isa = PBXBuildFile; fileRef = 116D84F02D6DDC6700FEF29C /* Preview Assets.xcassets */; };
		116D84F72D6DDC6700FEF29C /* Assets.xcassets in Resources */ = {isa = PBXBuildFile; fileRef = 116D84F22D6DDC6700FEF29C /* Assets.xcassets */; };
		116D84F92D6DDC6700FEF29C /* NotexApp.swift in Sources */ = {isa = PBXBuildFile; fileRef = 116D84F42D6DDC6700FEF29C /* NotexApp.swift */; };
		116D84FF2D6DE98600FEF29C /* AddNoteView.swift in Sources */ = {isa = PBXBuildFile; fileRef = 116D84FE2D6DE98600FEF29C /* AddNoteView.swift */; };
		116D85052D6DEFE400FEF29C /* NotesModel.xcdatamodeld in Sources */ = {isa = PBXBuildFile; fileRef = 116D85032D6DEFE400FEF29C /* NotesModel.xcdatamodeld */; };
		116D85072D6DF01700FEF29C /* CoreDataManager.swift in Sources */ = {isa = PBXBuildFile; fileRef = 116D85062D6DF01700FEF29C /* CoreDataManager.swift */; };
		116D85092D6DF0DB00FEF29C /* NotesViewModel.swift in Sources */ = {isa = PBXBuildFile; fileRef = 116D85082D6DF0DB00FEF29C /* NotesViewModel.swift */; };
		1184D10E2D71CF5400BEAE4E /* SubCategoryNotesView.swift in Sources */ = {isa = PBXBuildFile; fileRef = 1184D10D2D71CF5400BEAE4E /* SubCategoryNotesView.swift */; };
		11DD2CB52D6F84D400EEB5CC /* HomeView.swift in Sources */ = {isa = PBXBuildFile; fileRef = 11DD2CB42D6F84D400EEB5CC /* HomeView.swift */; };
/* End PBXBuildFile section */

/* Begin PBXFileReference section */
		116D84DF2D6DDC4300FEF29C /* Notex.app */ = {isa = PBXFileReference; explicitFileType = wrapper.application; includeInIndex = 0; path = Notex.app; sourceTree = BUILT_PRODUCTS_DIR; };
		116D84F02D6DDC6700FEF29C /* Preview Assets.xcassets */ = {isa = PBXFileReference; lastKnownFileType = folder.assetcatalog; path = "Preview Assets.xcassets"; sourceTree = "<group>"; };
		116D84F22D6DDC6700FEF29C /* Assets.xcassets */ = {isa = PBXFileReference; lastKnownFileType = folder.assetcatalog; path = Assets.xcassets; sourceTree = "<group>"; };
		116D84F42D6DDC6700FEF29C /* NotexApp.swift */ = {isa = PBXFileReference; lastKnownFileType = sourcecode.swift; path = NotexApp.swift; sourceTree = "<group>"; };
		116D84FE2D6DE98600FEF29C /* AddNoteView.swift */ = {isa = PBXFileReference; lastKnownFileType = sourcecode.swift; path = AddNoteView.swift; sourceTree = "<group>"; };
		116D85042D6DEFE400FEF29C /* NotesModel.xcdatamodel */ = {isa = PBXFileReference; lastKnownFileType = wrapper.xcdatamodel; path = NotesModel.xcdatamodel; sourceTree = "<group>"; };
		116D85062D6DF01700FEF29C /* CoreDataManager.swift */ = {isa = PBXFileReference; lastKnownFileType = sourcecode.swift; path = CoreDataManager.swift; sourceTree = "<group>"; };
		116D85082D6DF0DB00FEF29C /* NotesViewModel.swift */ = {isa = PBXFileReference; lastKnownFileType = sourcecode.swift; path = NotesViewModel.swift; sourceTree = "<group>"; };
		1184D10D2D71CF5400BEAE4E /* SubCategoryNotesView.swift */ = {isa = PBXFileReference; lastKnownFileType = sourcecode.swift; path = SubCategoryNotesView.swift; sourceTree = "<group>"; };
		11DD2CB42D6F84D400EEB5CC /* HomeView.swift */ = {isa = PBXFileReference; lastKnownFileType = sourcecode.swift; path = HomeView.swift; sourceTree = "<group>"; };
/* End PBXFileReference section */

/* Begin PBXFrameworksBuildPhase section */
		116D84DC2D6DDC4300FEF29C /* Frameworks */ = {
			isa = PBXFrameworksBuildPhase;
			buildActionMask = 2147483647;
			files = (
			);
			runOnlyForDeploymentPostprocessing = 0;
		};
/* End PBXFrameworksBuildPhase section */

/* Begin PBXGroup section */
		116D84D62D6DDC4300FEF29C = {
			isa = PBXGroup;
			children = (
				116D84F52D6DDC6700FEF29C /* Notex */,
				116D84E02D6DDC4300FEF29C /* Products */,
			);
			sourceTree = "<group>";
		};
		116D84E02D6DDC4300FEF29C /* Products */ = {
			isa = PBXGroup;
			children = (
				116D84DF2D6DDC4300FEF29C /* Notex.app */,
			);
			name = Products;
			sourceTree = "<group>";
		};
		116D84F12D6DDC6700FEF29C /* Preview Content */ = {
			isa = PBXGroup;
			children = (
				116D84F02D6DDC6700FEF29C /* Preview Assets.xcassets */,
			);
			path = "Preview Content";
			sourceTree = "<group>";
		};
		116D84F52D6DDC6700FEF29C /* Notex */ = {
			isa = PBXGroup;
			children = (
				116D84FC2D6DDD5D00FEF29C /* Manager */,
				116D84FA2D6DDD4D00FEF29C /* ViewModel */,
				116D84FD2D6DDD6700FEF29C /* Views */,
				116D84F12D6DDC6700FEF29C /* Preview Content */,
				116D84F22D6DDC6700FEF29C /* Assets.xcassets */,
				116D84F42D6DDC6700FEF29C /* NotexApp.swift */,
				116D85032D6DEFE400FEF29C /* NotesModel.xcdatamodeld */,
			);
			path = Notex;
			sourceTree = "<group>";
		};
		116D84FA2D6DDD4D00FEF29C /* ViewModel */ = {
			isa = PBXGroup;
			children = (
				116D85082D6DF0DB00FEF29C /* NotesViewModel.swift */,
			);
			path = ViewModel;
			sourceTree = "<group>";
		};
		116D84FC2D6DDD5D00FEF29C /* Manager */ = {
			isa = PBXGroup;
			children = (
				116D85062D6DF01700FEF29C /* CoreDataManager.swift */,
			);
			path = Manager;
			sourceTree = "<group>";
		};
		116D84FD2D6DDD6700FEF29C /* Views */ = {
			isa = PBXGroup;
			children = (
				116D84FE2D6DE98600FEF29C /* AddNoteView.swift */,
				11DD2CB42D6F84D400EEB5CC /* HomeView.swift */,
				1184D10D2D71CF5400BEAE4E /* SubCategoryNotesView.swift */,
			);
			path = Views;
			sourceTree = "<group>";
		};
/* End PBXGroup section */

/* Begin PBXNativeTarget section */
		116D84DE2D6DDC4300FEF29C /* Notex */ = {
			isa = PBXNativeTarget;
			buildConfigurationList = 116D84ED2D6DDC4500FEF29C /* Build configuration list for PBXNativeTarget "Notex" */;
			buildPhases = (
				116D84DB2D6DDC4300FEF29C /* Sources */,
				116D84DC2D6DDC4300FEF29C /* Frameworks */,
				116D84DD2D6DDC4300FEF29C /* Resources */,
			);
			buildRules = (
			);
			dependencies = (
			);
			name = Notex;
			packageProductDependencies = (
			);
			productName = Notex;
			productReference = 116D84DF2D6DDC4300FEF29C /* Notex.app */;
			productType = "com.apple.product-type.application";
		};
/* End PBXNativeTarget section */

/* Begin PBXProject section */
		116D84D72D6DDC4300FEF29C /* Project object */ = {
			isa = PBXProject;
			attributes = {
				BuildIndependentTargetsInParallel = 1;
				LastSwiftUpdateCheck = 1610;
				LastUpgradeCheck = 1610;
				TargetAttributes = {
					116D84DE2D6DDC4300FEF29C = {
						CreatedOnToolsVersion = 16.1;
					};
				};
			};
			buildConfigurationList = 116D84DA2D6DDC4300FEF29C /* Build configuration list for PBXProject "Notex" */;
			developmentRegion = en;
			hasScannedForEncodings = 0;
			knownRegions = (
				en,
				Base,
			);
			mainGroup = 116D84D62D6DDC4300FEF29C;
			minimizedProjectReferenceProxies = 1;
			preferredProjectObjectVersion = 77;
			productRefGroup = 116D84E02D6DDC4300FEF29C /* Products */;
			projectDirPath = "";
			projectRoot = "";
			targets = (
				116D84DE2D6DDC4300FEF29C /* Notex */,
			);
		};
/* End PBXProject section */

/* Begin PBXResourcesBuildPhase section */
		116D84DD2D6DDC4300FEF29C /* Resources */ = {
			isa = PBXResourcesBuildPhase;
			buildActionMask = 2147483647;
			files = (
				116D84F62D6DDC6700FEF29C /* Preview Assets.xcassets in Resources */,
				116D84F72D6DDC6700FEF29C /* Assets.xcassets in Resources */,
			);
			runOnlyForDeploymentPostprocessing = 0;
		};
/* End PBXResourcesBuildPhase section */

/* Begin PBXSourcesBuildPhase section */
		116D84DB2D6DDC4300FEF29C /* Sources */ = {
			isa = PBXSourcesBuildPhase;
			buildActionMask = 2147483647;
			files = (
				116D85052D6DEFE400FEF29C /* NotesModel.xcdatamodeld in Sources */,
				116D85092D6DF0DB00FEF29C /* NotesViewModel.swift in Sources */,
				116D84FF2D6DE98600FEF29C /* AddNoteView.swift in Sources */,
				11DD2CB52D6F84D400EEB5CC /* HomeView.swift in Sources */,
				1184D10E2D71CF5400BEAE4E /* SubCategoryNotesView.swift in Sources */,
				116D85072D6DF01700FEF29C /* CoreDataManager.swift in Sources */,
				116D84F92D6DDC6700FEF29C /* NotexApp.swift in Sources */,
			);
			runOnlyForDeploymentPostprocessing = 0;
		};
/* End PBXSourcesBuildPhase section */

/* Begin XCBuildConfiguration section */
		116D84EB2D6DDC4500FEF29C /* Debug */ = {
			isa = XCBuildConfiguration;
			buildSettings = {
				ALWAYS_SEARCH_USER_PATHS = NO;
				ASSETCATALOG_COMPILER_GENERATE_SWIFT_ASSET_SYMBOL_EXTENSIONS = YES;
				CLANG_ANALYZER_NONNULL = YES;
				CLANG_ANALYZER_NUMBER_OBJECT_CONVERSION = YES_AGGRESSIVE;
				CLANG_CXX_LANGUAGE_STANDARD = "gnu++20";
				CLANG_ENABLE_MODULES = YES;
				CLANG_ENABLE_OBJC_ARC = YES;
				CLANG_ENABLE_OBJC_WEAK = YES;
				CLANG_WARN_BLOCK_CAPTURE_AUTORELEASING = YES;
				CLANG_WARN_BOOL_CONVERSION = YES;
				CLANG_WARN_COMMA = YES;
				CLANG_WARN_CONSTANT_CONVERSION = YES;
				CLANG_WARN_DEPRECATED_OBJC_IMPLEMENTATIONS = YES;
				CLANG_WARN_DIRECT_OBJC_ISA_USAGE = YES_ERROR;
				CLANG_WARN_DOCUMENTATION_COMMENTS = YES;
				CLANG_WARN_EMPTY_BODY = YES;
				CLANG_WARN_ENUM_CONVERSION = YES;
				CLANG_WARN_INFINITE_RECURSION = YES;
				CLANG_WARN_INT_CONVERSION = YES;
				CLANG_WARN_NON_LITERAL_NULL_CONVERSION = YES;
				CLANG_WARN_OBJC_IMPLICIT_RETAIN_SELF = YES;
				CLANG_WARN_OBJC_LITERAL_CONVERSION = YES;
				CLANG_WARN_OBJC_ROOT_CLASS = YES_ERROR;
				CLANG_WARN_QUOTED_INCLUDE_IN_FRAMEWORK_HEADER = YES;
				CLANG_WARN_RANGE_LOOP_ANALYSIS = YES;
				CLANG_WARN_STRICT_PROTOTYPES = YES;
				CLANG_WARN_SUSPICIOUS_MOVE = YES;
				CLANG_WARN_UNGUARDED_AVAILABILITY = YES_AGGRESSIVE;
				CLANG_WARN_UNREACHABLE_CODE = YES;
				CLANG_WARN__DUPLICATE_METHOD_MATCH = YES;
				COPY_PHASE_STRIP = NO;
				DEBUG_INFORMATION_FORMAT = dwarf;
				ENABLE_STRICT_OBJC_MSGSEND = YES;
				ENABLE_TESTABILITY = YES;
				ENABLE_USER_SCRIPT_SANDBOXING = YES;
				GCC_C_LANGUAGE_STANDARD = gnu17;
				GCC_DYNAMIC_NO_PIC = NO;
				GCC_NO_COMMON_BLOCKS = YES;
				GCC_OPTIMIZATION_LEVEL = 0;
				GCC_PREPROCESSOR_DEFINITIONS = (
					"DEBUG=1",
					"$(inherited)",
				);
				GCC_WARN_64_TO_32_BIT_CONVERSION = YES;
				GCC_WARN_ABOUT_RETURN_TYPE = YES_ERROR;
				GCC_WARN_UNDECLARED_SELECTOR = YES;
				GCC_WARN_UNINITIALIZED_AUTOS = YES_AGGRESSIVE;
				GCC_WARN_UNUSED_FUNCTION = YES;
				GCC_WARN_UNUSED_VARIABLE = YES;
				IPHONEOS_DEPLOYMENT_TARGET = 18.1;
				LOCALIZATION_PREFERS_STRING_CATALOGS = YES;
				MTL_ENABLE_DEBUG_INFO = INCLUDE_SOURCE;
				MTL_FAST_MATH = YES;
				ONLY_ACTIVE_ARCH = YES;
				SDKROOT = iphoneos;
				SWIFT_ACTIVE_COMPILATION_CONDITIONS = "DEBUG $(inherited)";
				SWIFT_OPTIMIZATION_LEVEL = "-Onone";
			};
			name = Debug;
		};
		116D84EC2D6DDC4500FEF29C /* Release */ = {
			isa = XCBuildConfiguration;
			buildSettings = {
				ALWAYS_SEARCH_USER_PATHS = NO;
				ASSETCATALOG_COMPILER_GENERATE_SWIFT_ASSET_SYMBOL_EXTENSIONS = YES;
				CLANG_ANALYZER_NONNULL = YES;
				CLANG_ANALYZER_NUMBER_OBJECT_CONVERSION = YES_AGGRESSIVE;
				CLANG_CXX_LANGUAGE_STANDARD = "gnu++20";
				CLANG_ENABLE_MODULES = YES;
				CLANG_ENABLE_OBJC_ARC = YES;
				CLANG_ENABLE_OBJC_WEAK = YES;
				CLANG_WARN_BLOCK_CAPTURE_AUTORELEASING = YES;
				CLANG_WARN_BOOL_CONVERSION = YES;
				CLANG_WARN_COMMA = YES;
				CLANG_WARN_CONSTANT_CONVERSION = YES;
				CLANG_WARN_DEPRECATED_OBJC_IMPLEMENTATIONS = YES;
				CLANG_WARN_DIRECT_OBJC_ISA_USAGE = YES_ERROR;
				CLANG_WARN_DOCUMENTATION_COMMENTS = YES;
				CLANG_WARN_EMPTY_BODY = YES;
				CLANG_WARN_ENUM_CONVERSION = YES;
				CLANG_WARN_INFINITE_RECURSION = YES;
				CLANG_WARN_INT_CONVERSION = YES;
				CLANG_WARN_NON_LITERAL_NULL_CONVERSION = YES;
				CLANG_WARN_OBJC_IMPLICIT_RETAIN_SELF = YES;
				CLANG_WARN_OBJC_LITERAL_CONVERSION = YES;
				CLANG_WARN_OBJC_ROOT_CLASS = YES_ERROR;
				CLANG_WARN_QUOTED_INCLUDE_IN_FRAMEWORK_HEADER = YES;
				CLANG_WARN_RANGE_LOOP_ANALYSIS = YES;
				CLANG_WARN_STRICT_PROTOTYPES = YES;
				CLANG_WARN_SUSPICIOUS_MOVE = YES;
				CLANG_WARN_UNGUARDED_AVAILABILITY = YES_AGGRESSIVE;
				CLANG_WARN_UNREACHABLE_CODE = YES;
				CLANG_WARN__DUPLICATE_METHOD_MATCH = YES;
				COPY_PHASE_STRIP = NO;
				DEBUG_INFORMATION_FORMAT = "dwarf-with-dsym";
				ENABLE_NS_ASSERTIONS = NO;
				ENABLE_STRICT_OBJC_MSGSEND = YES;
				ENABLE_USER_SCRIPT_SANDBOXING = YES;
				GCC_C_LANGUAGE_STANDARD = gnu17;
				GCC_NO_COMMON_BLOCKS = YES;
				GCC_WARN_64_TO_32_BIT_CONVERSION = YES;
				GCC_WARN_ABOUT_RETURN_TYPE = YES_ERROR;
				GCC_WARN_UNDECLARED_SELECTOR = YES;
				GCC_WARN_UNINITIALIZED_AUTOS = YES_AGGRESSIVE;
				GCC_WARN_UNUSED_FUNCTION = YES;
				GCC_WARN_UNUSED_VARIABLE = YES;
				IPHONEOS_DEPLOYMENT_TARGET = 18.1;
				LOCALIZATION_PREFERS_STRING_CATALOGS = YES;
				MTL_ENABLE_DEBUG_INFO = NO;
				MTL_FAST_MATH = YES;
				SDKROOT = iphoneos;
				SWIFT_COMPILATION_MODE = wholemodule;
				VALIDATE_PRODUCT = YES;
			};
			name = Release;
		};
		116D84EE2D6DDC4500FEF29C /* Debug */ = {
			isa = XCBuildConfiguration;
			buildSettings = {
				ASSETCATALOG_COMPILER_APPICON_NAME = AppIcon;
				ASSETCATALOG_COMPILER_GLOBAL_ACCENT_COLOR_NAME = AccentColor;
				CODE_SIGN_STYLE = Automatic;
				CURRENT_PROJECT_VERSION = 1;
				DEVELOPMENT_ASSET_PATHS = "\"Notex/Preview Content\"";
				DEVELOPMENT_TEAM = PA2PS9S3T4;
				ENABLE_PREVIEWS = YES;
				GENERATE_INFOPLIST_FILE = YES;
				INFOPLIST_KEY_UIApplicationSceneManifest_Generation = YES;
				INFOPLIST_KEY_UIApplicationSupportsIndirectInputEvents = YES;
				INFOPLIST_KEY_UILaunchScreen_Generation = YES;
				INFOPLIST_KEY_UISupportedInterfaceOrientations_iPad = "UIInterfaceOrientationPortrait UIInterfaceOrientationPortraitUpsideDown UIInterfaceOrientationLandscapeLeft UIInterfaceOrientationLandscapeRight";
				INFOPLIST_KEY_UISupportedInterfaceOrientations_iPhone = "UIInterfaceOrientationPortrait UIInterfaceOrientationLandscapeLeft UIInterfaceOrientationLandscapeRight";
				LD_RUNPATH_SEARCH_PATHS = (
					"$(inherited)",
					"@executable_path/Frameworks",
				);
				MARKETING_VERSION = 1.0;
				PRODUCT_BUNDLE_IDENTIFIER = me.troy.Notex;
				PRODUCT_NAME = "$(TARGET_NAME)";
				SWIFT_EMIT_LOC_STRINGS = YES;
				SWIFT_VERSION = 5.0;
				TARGETED_DEVICE_FAMILY = "1,2";
			};
			name = Debug;
		};
		116D84EF2D6DDC4500FEF29C /* Release */ = {
			isa = XCBuildConfiguration;
			buildSettings = {
				ASSETCATALOG_COMPILER_APPICON_NAME = AppIcon;
				ASSETCATALOG_COMPILER_GLOBAL_ACCENT_COLOR_NAME = AccentColor;
				CODE_SIGN_STYLE = Automatic;
				CURRENT_PROJECT_VERSION = 1;
				DEVELOPMENT_ASSET_PATHS = "\"Notex/Preview Content\"";
				DEVELOPMENT_TEAM = PA2PS9S3T4;
				ENABLE_PREVIEWS = YES;
				GENERATE_INFOPLIST_FILE = YES;
				INFOPLIST_KEY_UIApplicationSceneManifest_Generation = YES;
				INFOPLIST_KEY_UIApplicationSupportsIndirectInputEvents = YES;
				INFOPLIST_KEY_UILaunchScreen_Generation = YES;
				INFOPLIST_KEY_UISupportedInterfaceOrientations_iPad = "UIInterfaceOrientationPortrait UIInterfaceOrientationPortraitUpsideDown UIInterfaceOrientationLandscapeLeft UIInterfaceOrientationLandscapeRight";
				INFOPLIST_KEY_UISupportedInterfaceOrientations_iPhone = "UIInterfaceOrientationPortrait UIInterfaceOrientationLandscapeLeft UIInterfaceOrientationLandscapeRight";
				LD_RUNPATH_SEARCH_PATHS = (
					"$(inherited)",
					"@executable_path/Frameworks",
				);
				MARKETING_VERSION = 1.0;
				PRODUCT_BUNDLE_IDENTIFIER = me.troy.Notex;
				PRODUCT_NAME = "$(TARGET_NAME)";
				SWIFT_EMIT_LOC_STRINGS = YES;
				SWIFT_VERSION = 5.0;
				TARGETED_DEVICE_FAMILY = "1,2";
			};
			name = Release;
		};
/* End XCBuildConfiguration section */

/* Begin XCConfigurationList section */
		116D84DA2D6DDC4300FEF29C /* Build configuration list for PBXProject "Notex" */ = {
			isa = XCConfigurationList;
			buildConfigurations = (
				116D84EB2D6DDC4500FEF29C /* Debug */,
				116D84EC2D6DDC4500FEF29C /* Release */,
			);
			defaultConfigurationIsVisible = 0;
			defaultConfigurationName = Release;
		};
		116D84ED2D6DDC4500FEF29C /* Build configuration list for PBXNativeTarget "Notex" */ = {
			isa = XCConfigurationList;
			buildConfigurations = (
				116D84EE2D6DDC4500FEF29C /* Debug */,
				116D84EF2D6DDC4500FEF29C /* Release */,
			);
			defaultConfigurationIsVisible = 0;
			defaultConfigurationName = Release;
		};
/* End XCConfigurationList section */

/* Begin XCVersionGroup section */
		116D85032D6DEFE400FEF29C /* NotesModel.xcdatamodeld */ = {
			isa = XCVersionGroup;
			children = (
				116D85042D6DEFE400FEF29C /* NotesModel.xcdatamodel */,
			);
			currentVersion = 116D85042D6DEFE400FEF29C /* NotesModel.xcdatamodel */;
			path = NotesModel.xcdatamodeld;
			sourceTree = "<group>";
			versionGroupType = wrapper.xcdatamodel;
		};
/* End XCVersionGroup section */
	};
	rootObject = 116D84D72D6DDC4300FEF29C /* Project object */;
}
